{
  "requires": true,
  "lockfileVersion": 1,
  "dependencies": {
    "newsapi": {
      "version": "2.3.0",
      "resolved": "https://registry.npmjs.org/newsapi/-/newsapi-2.3.0.tgz",
      "integrity": "sha512-KK68M7wnjZEfhu9KiFpEeGjkW9nywod3VwzrFmn5tpS6jfPQ/BeGRyT8oHNjKyQnh2RYfr1JI7p/c6FmDQpQAg==",
      "requires": {
        "node-fetch": "2.2.0"
      }
    },
    "node-fetch": {
      "version": "2.2.0",
      "resolved": "https://registry.npmjs.org/node-fetch/-/node-fetch-2.2.0.tgz",
      "integrity": "sha512-OayFWziIxiHY8bCUyLX6sTpDH8Jsbp4FfYd1j1f7vZyfgkcOnAyM4oQR16f8a0s7Gl/viMGRey8eScYk4V4EZA=="
    }
  }
}
